
Microsoft Visual Studio Solution File, Format Version 12.00
# Visual Studio 15
VisualStudioVersion = 15.0.26124.0
MinimumVisualStudioVersion = 15.0.26124.0
Project("{FAE04EC0-301F-11D3-BF4B-00C04F79EFBC}") = "SolvedKatas", "SolvedKatas\SolvedKatas.csproj", "{15F8A05D-A131-486E-ADB6-F0E33FF36847}"
EndProject
Project("{FAE04EC0-301F-11D3-BF4B-00C04F79EFBC}") = "SolvedKatasTest", "SolvedKatasTest\SolvedKatasTest.csproj", "{AF252239-E88C-45F6-9869-A4757652837B}"
EndProject
Global
	GlobalSection(SolutionConfigurationPlatforms) = preSolution
		Debug|Any CPU = Debug|Any CPU
		Debug|x64 = Debug|x64
		Debug|x86 = Debug|x86
		Release|Any CPU = Release|Any CPU
		Release|x64 = Release|x64
		Release|x86 = Release|x86
	EndGlobalSection
	GlobalSection(SolutionProperties) = preSolution
		HideSolutionNode = FALSE
	EndGlobalSection
	GlobalSection(ProjectConfigurationPlatforms) = postSolution
		{15F8A05D-A131-486E-ADB6-F0E33FF36847}.Debug|Any CPU.ActiveCfg = Debug|Any CPU
		{15F8A05D-A131-486E-ADB6-F0E33FF36847}.Debug|Any CPU.Build.0 = Debug|Any CPU
		{15F8A05D-A131-486E-ADB6-F0E33FF36847}.Debug|x64.ActiveCfg = Debug|Any CPU
		{15F8A05D-A131-486E-ADB6-F0E33FF36847}.Debug|x64.Build.0 = Debug|Any CPU
		{15F8A05D-A131-486E-ADB6-F0E33FF36847}.Debug|x86.ActiveCfg = Debug|Any CPU
		{15F8A05D-A131-486E-ADB6-F0E33FF36847}.Debug|x86.Build.0 = Debug|Any CPU
		{15F8A05D-A131-486E-ADB6-F0E33FF36847}.Release|Any CPU.ActiveCfg = Release|Any CPU
		{15F8A05D-A131-486E-ADB6-F0E33FF36847}.Release|Any CPU.Build.0 = Release|Any CPU
		{15F8A05D-A131-486E-ADB6-F0E33FF36847}.Release|x64.ActiveCfg = Release|Any CPU
		{15F8A05D-A131-486E-ADB6-F0E33FF36847}.Release|x64.Build.0 = Release|Any CPU
		{15F8A05D-A131-486E-ADB6-F0E33FF36847}.Release|x86.ActiveCfg = Release|Any CPU
		{15F8A05D-A131-486E-ADB6-F0E33FF36847}.Release|x86.Build.0 = Release|Any CPU
		{AF252239-E88C-45F6-9869-A4757652837B}.Debug|Any CPU.ActiveCfg = Debug|Any CPU
		{AF252239-E88C-45F6-9869-A4757652837B}.Debug|Any CPU.Build.0 = Debug|Any CPU
		{AF252239-E88C-45F6-9869-A4757652837B}.Debug|x64.ActiveCfg = Debug|Any CPU
		{AF252239-E88C-45F6-9869-A4757652837B}.Debug|x64.Build.0 = Debug|Any CPU
		{AF252239-E88C-45F6-9869-A4757652837B}.Debug|x86.ActiveCfg = Debug|Any CPU
		{AF252239-E88C-45F6-9869-A4757652837B}.Debug|x86.Build.0 = Debug|Any CPU
		{AF252239-E88C-45F6-9869-A4757652837B}.Release|Any CPU.ActiveCfg = Release|Any CPU
		{AF252239-E88C-45F6-9869-A4757652837B}.Release|Any CPU.Build.0 = Release|Any CPU
		{AF252239-E88C-45F6-9869-A4757652837B}.Release|x64.ActiveCfg = Release|Any CPU
		{AF252239-E88C-45F6-9869-A4757652837B}.Release|x64.Build.0 = Release|Any CPU
		{AF252239-E88C-45F6-9869-A4757652837B}.Release|x86.ActiveCfg = Release|Any CPU
		{AF252239-E88C-45F6-9869-A4757652837B}.Release|x86.Build.0 = Release|Any CPU
	EndGlobalSection
EndGlobal
